<?xml version="1.0" encoding="utf-8"?>
<Project ToolsVersion="4.0" xmlns="http://schemas.microsoft.com/developer/msbuild/2003">
  <ItemGroup>
    <ClCompile Include="BubbleSort.cpp">
      <Filter>Source Files</Filter>
    </ClCompile>
    <ClCompile Include="MergeSort.cpp">
      <Filter>Source Files</Filter>
    </ClCompile>
    <ClCompile Include="QuickSort.cpp">
      <Filter>Source Files</Filter>
    </ClCompile>
    <ClCompile Include="SelectionSort.cpp">
      <Filter>Source Files</Filter>
    </ClCompile>
    <ClCompile Include="Sorting.cpp">
      <Filter>Source Files</Filter>
    </ClCompile>
  </ItemGroup>
  <ItemGroup>
    <ClInclude Include="BubbleSort.h">
      <Filter>Header Files</Filter>
    </ClInclude>
    <ClInclude Include="MergeSort.h">
      <Filter>Header Files</Filter>
    </ClInclude>
    <ClInclude Include="QuickSort.h">
      <Filter>Header Files</Filter>
    </ClInclude>
    <ClInclude Include="SelectionSort.h">
      <Filter>Header Files</Filter>
    </ClInclude>
  </ItemGroup>
  <ItemGroup>
    <Filter Include="Header Files">
      <UniqueIdentifier>{0304cc00-c031-4562-b6e1-672d8affa236}</UniqueIdentifier>
    </Filter>
    <Filter Include="Source Files">
      <UniqueIdentifier>{b62ffd83-90c1-4118-83db-b37faa294944}</UniqueIdentifier>
    </Filter>
  </ItemGroup>
</Project>